
Microsoft Visual Studio Solution File, Format Version 12.00
# Visual Studio Version 17
VisualStudioVersion = 17.9.34622.214
MinimumVisualStudioVersion = 10.0.40219.1
Project("{FAE04EC0-301F-11D3-BF4B-00C04F79EFBC}") = "Assetment", "Assetment\Assetment.csproj", "{BEFCEA3B-EA3B-4A03-9201-BF2D9E86DA40}"
EndProject
Global
	GlobalSection(SolutionConfigurationPlatforms) = preSolution
		Debug|Any CPU = Debug|Any CPU
		Release|Any CPU = Release|Any CPU
	EndGlobalSection
	GlobalSection(ProjectConfigurationPlatforms) = postSolution
		{BEFCEA3B-EA3B-4A03-9201-BF2D9E86DA40}.Debug|Any CPU.ActiveCfg = Debug|Any CPU
		{BEFCEA3B-EA3B-4A03-9201-BF2D9E86DA40}.Debug|Any CPU.Build.0 = Debug|Any CPU
		{BEFCEA3B-EA3B-4A03-9201-BF2D9E86DA40}.Release|Any CPU.ActiveCfg = Release|Any CPU
		{BEFCEA3B-EA3B-4A03-9201-BF2D9E86DA40}.Release|Any CPU.Build.0 = Release|Any CPU
	EndGlobalSection
	GlobalSection(SolutionProperties) = preSolution
		HideSolutionNode = FALSE
	EndGlobalSection
	GlobalSection(ExtensibilityGlobals) = postSolution
		SolutionGuid = {FCB95FA3-7E05-4A7E-A6B8-2B85EE39A95A}
	EndGlobalSection
EndGlobal
